# This file is generated by running "yarn install" inside your project.
# Manual changes might be lost - proceed with caution!

__metadata:
  version: 8
  cacheKey: 10

"openapi-fetch@npm:0.10.5":
  version: 0.10.5
  resolution: "openapi-fetch@npm:0.10.5"
  dependencies:
    openapi-typescript-helpers: "npm:^0.0.11"
  checksum: 10/a561192249299e2dca87261419af3b5fc9027cebbb0fdddd8e1d9ef11ab701b1dcad7b4e89f8975246e8f4f62cd584ee022bf0725a22365d7056dca60173c0d5
  languageName: node
  linkType: hard

"openapi-typescript-helpers@npm:^0.0.11":
  version: 0.0.11
  resolution: "openapi-typescript-helpers@npm:0.0.11"
  checksum: 10/f0c6bd64a80de80ea36961979b4077be50a75250d49ba48ac47ed42a084412148b2efa577a5aa55ea0c57d43a34b79194c95d6075d5dc4acf96c875813fa46d0
  languageName: node
  linkType: hard

"prettier@npm:^3.3.3":
  version: 3.3.3
  resolution: "prettier@npm:3.3.3"
  bin:
    prettier: bin/prettier.cjs
  checksum: 10/5beac1f30b5b40162532b8e2f7c3a4eb650910a2695e9c8512a62ffdc09dae93190c29db9107fa7f26d1b6c71aad3628ecb9b5de1ecb0911191099be109434d7
  languageName: node
  linkType: hard

"root-workspace-0b6124@workspace:.":
  version: 0.0.0-use.local
  resolution: "root-workspace-0b6124@workspace:."
  dependencies:
    openapi-fetch: "npm:0.10.5"
    prettier: "npm:^3.3.3"
    typescript: "npm:^5.5.4"
  languageName: unknown
  linkType: soft

"typescript@npm:^5.5.4":
  version: 5.5.4
  resolution: "typescript@npm:5.5.4"
  bin:
    tsc: bin/tsc
    tsserver: bin/tsserver
  checksum: 10/1689ccafef894825481fc3d856b4834ba3cc185a9c2878f3c76a9a1ef81af04194849840f3c69e7961e2312771471bb3b460ca92561e1d87599b26c37d0ffb6f
  languageName: node
  linkType: hard

"typescript@patch:typescript@npm%3A^5.5.4#optional!builtin<compat/typescript>":
  version: 5.5.4
  resolution: "typescript@patch:typescript@npm%3A5.5.4#optional!builtin<compat/typescript>::version=5.5.4&hash=5adc0c"
  bin:
    tsc: bin/tsc
    tsserver: bin/tsserver
  checksum: 10/2c065f0ef81855eac25c9b658a3c9da65ffc005260c12854c2286f40f3667e1b1ecf8bdbdd37b59aa0397920378ce7900bff8cb32e0f1c7af6fd86efc676718c
  languageName: node
  linkType: hard
