# THIS IS AN AUTOGENERATED FILE. DO NOT EDIT THIS FILE DIRECTLY.
# yarn lockfile v1


openapi-fetch@0.10.5:
  version "0.10.5"
  resolved "https://registry.yarnpkg.com/openapi-fetch/-/openapi-fetch-0.10.5.tgz#ea714c7738cd7632df23521d20f32d906a3b5232"
  integrity sha512-lOHWzQDYrMakHSqAOqJJGawitSGQzLM8w8zXTrpffe7u9aWqzFvhdJJNqfcW1EzaXtNNdPdMzXaFLdrjgn68ow==
  dependencies:
    openapi-typescript-helpers "^0.0.11"

openapi-typescript-helpers@^0.0.11:
  version "0.0.11"
  resolved "https://registry.yarnpkg.com/openapi-typescript-helpers/-/openapi-typescript-helpers-0.0.11.tgz#d05e88216b8f3771d5df41c863ebc5c9d10e2954"
  integrity sha512-xofUHlVFq+BMquf3nh9I8N2guHckW6mrDO/F3kaFgrL7MGbjldDnQ9TIT+rkH/+H0LiuO+RuZLnNmsJwsjwUKg==

prettier@^3.3.3:
  version "3.3.3"
  resolved "https://registry.yarnpkg.com/prettier/-/prettier-3.3.3.tgz#30c54fe0be0d8d12e6ae61dbb10109ea00d53105"
  integrity sha512-i2tDNA0O5IrMO757lfrdQZCc2jPNDVntV0m/+4whiDfWaTKfMNgR7Qz0NAeGz/nRqF4m5/6CLzbP4/liHt12Ew==

typescript@^5.5.4:
  version "5.5.4"
  resolved "https://registry.yarnpkg.com/typescript/-/typescript-5.5.4.tgz#d9852d6c82bad2d2eda4fd74a5762a8f5909e9ba"
  integrity sha512-Mtq29sKDAEYP7aljRgtPOpTvOfbwRWlS6dPRzwjdE+C0R4brX/GUyhHSecbHMFLNBLcJIPt9nl9yG5TZ1weH+Q==
