# This file is generated by running "yarn install" inside your project.
# Manual changes might be lost - proceed with caution!

__metadata:
  version: 8
  cacheKey: 10c0

"openapi-fetch@npm:0.10.5":
  version: 0.10.5
  resolution: "openapi-fetch@npm:0.10.5"
  dependencies:
    openapi-typescript-helpers: "npm:^0.0.11"
  checksum: 10c0/6cc6a84b792ef8b50baaddac4330bbe2559ae1a71ab6cb32ad4341953fff5cecc43839dfd660c0eb55a9d82c270425024e401853c92d1289dc44ed44838ddb92
  languageName: node
  linkType: hard

"openapi-typescript-helpers@npm:^0.0.11":
  version: 0.0.11
  resolution: "openapi-typescript-helpers@npm:0.0.11"
  checksum: 10c0/582b09b191d0922f46c6f48aee04829233f89463ed1b92cc94863beff2910b64ec1326d4a37a618dbcf35bfa051cd875ead65ead31e055dced35c63fef123d21
  languageName: node
  linkType: hard

"prettier@npm:^3.3.3":
  version: 3.3.3
  resolution: "prettier@npm:3.3.3"
  bin:
    prettier: bin/prettier.cjs
  checksum: 10c0/b85828b08e7505716324e4245549b9205c0cacb25342a030ba8885aba2039a115dbcf75a0b7ca3b37bc9d101ee61fab8113fc69ca3359f2a226f1ecc07ad2e26
  languageName: node
  linkType: hard

"root-workspace-0b6124@workspace:.":
  version: 0.0.0-use.local
  resolution: "root-workspace-0b6124@workspace:."
  dependencies:
    openapi-fetch: "npm:0.10.5"
    prettier: "npm:^3.3.3"
    typescript: "npm:^5.5.4"
  languageName: unknown
  linkType: soft

"typescript@npm:^5.5.4":
  version: 5.5.4
  resolution: "typescript@npm:5.5.4"
  bin:
    tsc: bin/tsc
    tsserver: bin/tsserver
  checksum: 10c0/422be60f89e661eab29ac488c974b6cc0a660fb2228003b297c3d10c32c90f3bcffc1009b43876a082515a3c376b1eefcce823d6e78982e6878408b9a923199c
  languageName: node
  linkType: hard

"typescript@patch:typescript@npm%3A^5.5.4#optional!builtin<compat/typescript>":
  version: 5.5.4
  resolution: "typescript@patch:typescript@npm%3A5.5.4#optional!builtin<compat/typescript>::version=5.5.4&hash=5adc0c"
  bin:
    tsc: bin/tsc
    tsserver: bin/tsserver
  checksum: 10c0/10dd9881baba22763de859e8050d6cb6e2db854197495c6f1929b08d1eb2b2b00d0b5d9b0bcee8472f1c3f4a7ef6a5d7ebe0cfd703f853aa5ae465b8404bc1ba
  languageName: node
  linkType: hard
